// !$*UTF8*$!
{
	archiveVersion = 1;
	classes = {
	};
	objectVersion = 46;
	objects = {

/* Begin PBXBuildFile section */
		8E962A421E93018200E70D54 /* main.cpp in Sources */ = {isa = PBXBuildFile; fileRef = 8E962A411E93018200E70D54 /* main.cpp */; };
		8E962A4A1E9302CD00E70D54 /* World.cpp in Sources */ = {isa = PBXBuildFile; fileRef = 8E962A481E9302CD00E70D54 /* World.cpp */; };
		8E962A4D1E93043900E70D54 /* State.cpp in Sources */ = {isa = PBXBuildFile; fileRef = 8E962A4B1E93043900E70D54 /* State.cpp */; };
		8E962A501E930FA400E70D54 /* Agent.cpp in Sources */ = {isa = PBXBuildFile; fileRef = 8E962A4E1E930FA400E70D54 /* Agent.cpp */; };
		8E962A531E968A1100E70D54 /* Symbol.cpp in Sources */ = {isa = PBXBuildFile; fileRef = 8E962A511E968A1100E70D54 /* Symbol.cpp */; };
		8E962A561E96952200E70D54 /* KnowledgeBase.cpp in Sources */ = {isa = PBXBuildFile; fileRef = 8E962A541E96952200E70D54 /* KnowledgeBase.cpp */; };
		8E962A5E1E97DC8B00E70D54 /* LogicSentence.cpp in Sources */ = {isa = PBXBuildFile; fileRef = 8E962A5C1E97DC8B00E70D54 /* LogicSentence.cpp */; };
/* End PBXBuildFile section */

/* Begin PBXCopyFilesBuildPhase section */
		8E962A3C1E93018200E70D54 /* CopyFiles */ = {
			isa = PBXCopyFilesBuildPhase;
			buildActionMask = 2147483647;
			dstPath = /usr/share/man/man1/;
			dstSubfolderSpec = 0;
			files = (
			);
			runOnlyForDeploymentPostprocessing = 1;
		};
/* End PBXCopyFilesBuildPhase section */

/* Begin PBXFileReference section */
		8E962A3E1E93018200E70D54 /* wumbus */ = {isa = PBXFileReference; explicitFileType = "compiled.mach-o.executable"; includeInIndex = 0; path = wumbus; sourceTree = BUILT_PRODUCTS_DIR; };
		8E962A411E93018200E70D54 /* main.cpp */ = {isa = PBXFileReference; lastKnownFileType = sourcecode.cpp.cpp; path = main.cpp; sourceTree = "<group>"; };
		8E962A481E9302CD00E70D54 /* World.cpp */ = {isa = PBXFileReference; fileEncoding = 4; lastKnownFileType = sourcecode.cpp.cpp; path = World.cpp; sourceTree = "<group>"; };
		8E962A491E9302CD00E70D54 /* World.hpp */ = {isa = PBXFileReference; fileEncoding = 4; lastKnownFileType = sourcecode.cpp.h; path = World.hpp; sourceTree = "<group>"; };
		8E962A4B1E93043900E70D54 /* State.cpp */ = {isa = PBXFileReference; fileEncoding = 4; lastKnownFileType = sourcecode.cpp.cpp; path = State.cpp; sourceTree = "<group>"; };
		8E962A4C1E93043900E70D54 /* State.hpp */ = {isa = PBXFileReference; fileEncoding = 4; lastKnownFileType = sourcecode.cpp.h; path = State.hpp; sourceTree = "<group>"; };
		8E962A4E1E930FA400E70D54 /* Agent.cpp */ = {isa = PBXFileReference; fileEncoding = 4; lastKnownFileType = sourcecode.cpp.cpp; path = Agent.cpp; sourceTree = "<group>"; };
		8E962A4F1E930FA400E70D54 /* Agent.hpp */ = {isa = PBXFileReference; fileEncoding = 4; lastKnownFileType = sourcecode.cpp.h; path = Agent.hpp; sourceTree = "<group>"; };
		8E962A511E968A1100E70D54 /* Symbol.cpp */ = {isa = PBXFileReference; fileEncoding = 4; lastKnownFileType = sourcecode.cpp.cpp; path = Symbol.cpp; sourceTree = "<group>"; };
		8E962A521E968A1100E70D54 /* Symbol.hpp */ = {isa = PBXFileReference; fileEncoding = 4; lastKnownFileType = sourcecode.cpp.h; path = Symbol.hpp; sourceTree = "<group>"; };
		8E962A541E96952200E70D54 /* KnowledgeBase.cpp */ = {isa = PBXFileReference; fileEncoding = 4; lastKnownFileType = sourcecode.cpp.cpp; path = KnowledgeBase.cpp; sourceTree = "<group>"; };
		8E962A551E96952200E70D54 /* KnowledgeBase.hpp */ = {isa = PBXFileReference; fileEncoding = 4; lastKnownFileType = sourcecode.cpp.h; path = KnowledgeBase.hpp; sourceTree = "<group>"; };
		8E962A5C1E97DC8B00E70D54 /* LogicSentence.cpp */ = {isa = PBXFileReference; fileEncoding = 4; lastKnownFileType = sourcecode.cpp.cpp; path = LogicSentence.cpp; sourceTree = "<group>"; };
		8E962A5D1E97DC8B00E70D54 /* LogicSentence.hpp */ = {isa = PBXFileReference; fileEncoding = 4; lastKnownFileType = sourcecode.cpp.h; path = LogicSentence.hpp; sourceTree = "<group>"; };
/* End PBXFileReference section */

/* Begin PBXFrameworksBuildPhase section */
		8E962A3B1E93018200E70D54 /* Frameworks */ = {
			isa = PBXFrameworksBuildPhase;
			buildActionMask = 2147483647;
			files = (
			);
			runOnlyForDeploymentPostprocessing = 0;
		};
/* End PBXFrameworksBuildPhase section */

/* Begin PBXGroup section */
		8E962A351E93018200E70D54 = {
			isa = PBXGroup;
			children = (
				8E962A401E93018200E70D54 /* wumbus */,
				8E962A3F1E93018200E70D54 /* Products */,
			);
			sourceTree = "<group>";
		};
		8E962A3F1E93018200E70D54 /* Products */ = {
			isa = PBXGroup;
			children = (
				8E962A3E1E93018200E70D54 /* wumbus */,
			);
			name = Products;
			sourceTree = "<group>";
		};
		8E962A401E93018200E70D54 /* wumbus */ = {
			isa = PBXGroup;
			children = (
				8E962A411E93018200E70D54 /* main.cpp */,
				8E962A481E9302CD00E70D54 /* World.cpp */,
				8E962A491E9302CD00E70D54 /* World.hpp */,
				8E962A4B1E93043900E70D54 /* State.cpp */,
				8E962A4C1E93043900E70D54 /* State.hpp */,
				8E962A4E1E930FA400E70D54 /* Agent.cpp */,
				8E962A4F1E930FA400E70D54 /* Agent.hpp */,
				8E962A511E968A1100E70D54 /* Symbol.cpp */,
				8E962A521E968A1100E70D54 /* Symbol.hpp */,
				8E962A541E96952200E70D54 /* KnowledgeBase.cpp */,
				8E962A551E96952200E70D54 /* KnowledgeBase.hpp */,
				8E962A5C1E97DC8B00E70D54 /* LogicSentence.cpp */,
				8E962A5D1E97DC8B00E70D54 /* LogicSentence.hpp */,
			);
			path = wumbus;
			sourceTree = "<group>";
		};
/* End PBXGroup section */

/* Begin PBXNativeTarget section */
		8E962A3D1E93018200E70D54 /* wumbus */ = {
			isa = PBXNativeTarget;
			buildConfigurationList = 8E962A451E93018200E70D54 /* Build configuration list for PBXNativeTarget "wumbus" */;
			buildPhases = (
				8E962A3A1E93018200E70D54 /* Sources */,
				8E962A3B1E93018200E70D54 /* Frameworks */,
				8E962A3C1E93018200E70D54 /* CopyFiles */,
			);
			buildRules = (
			);
			dependencies = (
			);
			name = wumbus;
			productName = wumbus;
			productReference = 8E962A3E1E93018200E70D54 /* wumbus */;
			productType = "com.apple.product-type.tool";
		};
/* End PBXNativeTarget section */

/* Begin PBXProject section */
		8E962A361E93018200E70D54 /* Project object */ = {
			isa = PBXProject;
			attributes = {
				LastUpgradeCheck = 0830;
				ORGANIZATIONNAME = "Ibrahim Conteh";
				TargetAttributes = {
					8E962A3D1E93018200E70D54 = {
						CreatedOnToolsVersion = 8.3;
						ProvisioningStyle = Automatic;
					};
				};
			};
			buildConfigurationList = 8E962A391E93018200E70D54 /* Build configuration list for PBXProject "wumbus" */;
			compatibilityVersion = "Xcode 3.2";
			developmentRegion = English;
			hasScannedForEncodings = 0;
			knownRegions = (
				en,
			);
			mainGroup = 8E962A351E93018200E70D54;
			productRefGroup = 8E962A3F1E93018200E70D54 /* Products */;
			projectDirPath = "";
			projectRoot = "";
			targets = (
				8E962A3D1E93018200E70D54 /* wumbus */,
			);
		};
/* End PBXProject section */

/* Begin PBXSourcesBuildPhase section */
		8E962A3A1E93018200E70D54 /* Sources */ = {
			isa = PBXSourcesBuildPhase;
			buildActionMask = 2147483647;
			files = (
				8E962A531E968A1100E70D54 /* Symbol.cpp in Sources */,
				8E962A561E96952200E70D54 /* KnowledgeBase.cpp in Sources */,
				8E962A4A1E9302CD00E70D54 /* World.cpp in Sources */,
				8E962A501E930FA400E70D54 /* Agent.cpp in Sources */,
				8E962A421E93018200E70D54 /* main.cpp in Sources */,
				8E962A5E1E97DC8B00E70D54 /* LogicSentence.cpp in Sources */,
				8E962A4D1E93043900E70D54 /* State.cpp in Sources */,
			);
			runOnlyForDeploymentPostprocessing = 0;
		};
/* End PBXSourcesBuildPhase section */

/* Begin XCBuildConfiguration section */
		8E962A431E93018200E70D54 /* Debug */ = {
			isa = XCBuildConfiguration;
			buildSettings = {
				ALWAYS_SEARCH_USER_PATHS = NO;
				CLANG_ANALYZER_NONNULL = YES;
				CLANG_ANALYZER_NUMBER_OBJECT_CONVERSION = YES_AGGRESSIVE;
				CLANG_CXX_LANGUAGE_STANDARD = "gnu++0x";
				CLANG_CXX_LIBRARY = "libc++";
				CLANG_ENABLE_MODULES = YES;
				CLANG_ENABLE_OBJC_ARC = YES;
				CLANG_WARN_BOOL_CONVERSION = YES;
				CLANG_WARN_CONSTANT_CONVERSION = YES;
				CLANG_WARN_DIRECT_OBJC_ISA_USAGE = YES_ERROR;
				CLANG_WARN_DOCUMENTATION_COMMENTS = YES;
				CLANG_WARN_EMPTY_BODY = YES;
				CLANG_WARN_ENUM_CONVERSION = YES;
				CLANG_WARN_INFINITE_RECURSION = YES;
				CLANG_WARN_INT_CONVERSION = YES;
				CLANG_WARN_OBJC_ROOT_CLASS = YES_ERROR;
				CLANG_WARN_SUSPICIOUS_MOVE = YES;
				CLANG_WARN_UNREACHABLE_CODE = YES;
				CLANG_WARN__DUPLICATE_METHOD_MATCH = YES;
				CODE_SIGN_IDENTITY = "-";
				COPY_PHASE_STRIP = NO;
				DEBUG_INFORMATION_FORMAT = dwarf;
				ENABLE_STRICT_OBJC_MSGSEND = YES;
				ENABLE_TESTABILITY = YES;
				GCC_C_LANGUAGE_STANDARD = gnu99;
				GCC_DYNAMIC_NO_PIC = NO;
				GCC_NO_COMMON_BLOCKS = YES;
				GCC_OPTIMIZATION_LEVEL = 0;
				GCC_PREPROCESSOR_DEFINITIONS = (
					"DEBUG=1",
					"$(inherited)",
				);
				GCC_WARN_64_TO_32_BIT_CONVERSION = YES;
				GCC_WARN_ABOUT_RETURN_TYPE = YES_ERROR;
				GCC_WARN_UNDECLARED_SELECTOR = YES;
				GCC_WARN_UNINITIALIZED_AUTOS = YES_AGGRESSIVE;
				GCC_WARN_UNUSED_FUNCTION = YES;
				GCC_WARN_UNUSED_VARIABLE = YES;
				MACOSX_DEPLOYMENT_TARGET = 10.12;
				MTL_ENABLE_DEBUG_INFO = YES;
				ONLY_ACTIVE_ARCH = YES;
				SDKROOT = macosx;
			};
			name = Debug;
		};
		8E962A441E93018200E70D54 /* Release */ = {
			isa = XCBuildConfiguration;
			buildSettings = {
				ALWAYS_SEARCH_USER_PATHS = NO;
				CLANG_ANALYZER_NONNULL = YES;
				CLANG_ANALYZER_NUMBER_OBJECT_CONVERSION = YES_AGGRESSIVE;
				CLANG_CXX_LANGUAGE_STANDARD = "gnu++0x";
				CLANG_CXX_LIBRARY = "libc++";
				CLANG_ENABLE_MODULES = YES;
				CLANG_ENABLE_OBJC_ARC = YES;
				CLANG_WARN_BOOL_CONVERSION = YES;
				CLANG_WARN_CONSTANT_CONVERSION = YES;
				CLANG_WARN_DIRECT_OBJC_ISA_USAGE = YES_ERROR;
				CLANG_WARN_DOCUMENTATION_COMMENTS = YES;
				CLANG_WARN_EMPTY_BODY = YES;
				CLANG_WARN_ENUM_CONVERSION = YES;
				CLANG_WARN_INFINITE_RECURSION = YES;
				CLANG_WARN_INT_CONVERSION = YES;
				CLANG_WARN_OBJC_ROOT_CLASS = YES_ERROR;
				CLANG_WARN_SUSPICIOUS_MOVE = YES;
				CLANG_WARN_UNREACHABLE_CODE = YES;
				CLANG_WARN__DUPLICATE_METHOD_MATCH = YES;
				CODE_SIGN_IDENTITY = "-";
				COPY_PHASE_STRIP = NO;
				DEBUG_INFORMATION_FORMAT = "dwarf-with-dsym";
				ENABLE_NS_ASSERTIONS = NO;
				ENABLE_STRICT_OBJC_MSGSEND = YES;
				GCC_C_LANGUAGE_STANDARD = gnu99;
				GCC_NO_COMMON_BLOCKS = YES;
				GCC_WARN_64_TO_32_BIT_CONVERSION = YES;
				GCC_WARN_ABOUT_RETURN_TYPE = YES_ERROR;
				GCC_WARN_UNDECLARED_SELECTOR = YES;
				GCC_WARN_UNINITIALIZED_AUTOS = YES_AGGRESSIVE;
				GCC_WARN_UNUSED_FUNCTION = YES;
				GCC_WARN_UNUSED_VARIABLE = YES;
				MACOSX_DEPLOYMENT_TARGET = 10.12;
				MTL_ENABLE_DEBUG_INFO = NO;
				SDKROOT = macosx;
			};
			name = Release;
		};
		8E962A461E93018200E70D54 /* Debug */ = {
			isa = XCBuildConfiguration;
			buildSettings = {
				PRODUCT_NAME = "$(TARGET_NAME)";
			};
			name = Debug;
		};
		8E962A471E93018200E70D54 /* Release */ = {
			isa = XCBuildConfiguration;
			buildSettings = {
				PRODUCT_NAME = "$(TARGET_NAME)";
			};
			name = Release;
		};
/* End XCBuildConfiguration section */

/* Begin XCConfigurationList section */
		8E962A391E93018200E70D54 /* Build configuration list for PBXProject "wumbus" */ = {
			isa = XCConfigurationList;
			buildConfigurations = (
				8E962A431E93018200E70D54 /* Debug */,
				8E962A441E93018200E70D54 /* Release */,
			);
			defaultConfigurationIsVisible = 0;
			defaultConfigurationName = Release;
		};
		8E962A451E93018200E70D54 /* Build configuration list for PBXNativeTarget "wumbus" */ = {
			isa = XCConfigurationList;
			buildConfigurations = (
				8E962A461E93018200E70D54 /* Debug */,
				8E962A471E93018200E70D54 /* Release */,
			);
			defaultConfigurationIsVisible = 0;
		};
/* End XCConfigurationList section */
	};
	rootObject = 8E962A361E93018200E70D54 /* Project object */;
}
